
Microsoft Visual Studio Solution File, Format Version 11.00
# Visual Studio 2010
Project("{FAE04EC0-301F-11D3-BF4B-00C04F79EFBC}") = "Aura2_Core", "Aura2_Core.csproj", "{E6CB7F0F-FEAE-ED46-BD5C-C3EB9E3FD9B8}"
EndProject
Project("{FAE04EC0-301F-11D3-BF4B-00C04F79EFBC}") = "Assembly-CSharp", "Assembly-CSharp.csproj", "{0DE08AAE-9277-EB90-E7BD-65960DF19D76}"
EndProject
Project("{FAE04EC0-301F-11D3-BF4B-00C04F79EFBC}") = "Aura2_Editor", "Aura2_Editor.csproj", "{C1E9F44D-203D-F811-C89E-9AFFE5EF77C1}"
EndProject
Global
	GlobalSection(SolutionConfigurationPlatforms) = preSolution
		Debug|Any CPU = Debug|Any CPU
		Release|Any CPU = Release|Any CPU
	EndGlobalSection
	GlobalSection(ProjectConfigurationPlatforms) = postSolution
		{E6CB7F0F-FEAE-ED46-BD5C-C3EB9E3FD9B8}.Debug|Any CPU.ActiveCfg = Debug|Any CPU
		{E6CB7F0F-FEAE-ED46-BD5C-C3EB9E3FD9B8}.Debug|Any CPU.Build.0 = Debug|Any CPU
		{E6CB7F0F-FEAE-ED46-BD5C-C3EB9E3FD9B8}.Release|Any CPU.ActiveCfg = Release|Any CPU
		{E6CB7F0F-FEAE-ED46-BD5C-C3EB9E3FD9B8}.Release|Any CPU.Build.0 = Release|Any CPU
		{0DE08AAE-9277-EB90-E7BD-65960DF19D76}.Debug|Any CPU.ActiveCfg = Debug|Any CPU
		{0DE08AAE-9277-EB90-E7BD-65960DF19D76}.Debug|Any CPU.Build.0 = Debug|Any CPU
		{0DE08AAE-9277-EB90-E7BD-65960DF19D76}.Release|Any CPU.ActiveCfg = Release|Any CPU
		{0DE08AAE-9277-EB90-E7BD-65960DF19D76}.Release|Any CPU.Build.0 = Release|Any CPU
		{C1E9F44D-203D-F811-C89E-9AFFE5EF77C1}.Debug|Any CPU.ActiveCfg = Debug|Any CPU
		{C1E9F44D-203D-F811-C89E-9AFFE5EF77C1}.Debug|Any CPU.Build.0 = Debug|Any CPU
		{C1E9F44D-203D-F811-C89E-9AFFE5EF77C1}.Release|Any CPU.ActiveCfg = Release|Any CPU
		{C1E9F44D-203D-F811-C89E-9AFFE5EF77C1}.Release|Any CPU.Build.0 = Release|Any CPU
	EndGlobalSection
	GlobalSection(SolutionProperties) = preSolution
		HideSolutionNode = FALSE
	EndGlobalSection
EndGlobal
